
Microsoft Visual Studio Solution File, Format Version 12.00
# Visual Studio Version 17
VisualStudioVersion = 17.8.34316.72
MinimumVisualStudioVersion = 10.0.40219.1
Project("{9A19103F-16F7-4668-BE54-9A1E7A4F7556}") = "Producer.App", "Producer.App\Producer.App.csproj", "{0607FFEE-D8DD-4F68-9EFC-17CE0EB0E2DA}"
EndProject
Project("{9A19103F-16F7-4668-BE54-9A1E7A4F7556}") = "Consumer.App", "Consumer.App\Consumer.App.csproj", "{CA06C300-FD08-49E6-8719-2A894F456A7D}"
EndProject
Project("{9A19103F-16F7-4668-BE54-9A1E7A4F7556}") = "WorkerService1", "WorkerService1\WorkerService1.csproj", "{4770A7BB-82F2-4B41-9081-439248FE998D}"
EndProject
Project("{9A19103F-16F7-4668-BE54-9A1E7A4F7556}") = "Order.API", "Order.API\Order.API.csproj", "{200E148D-55E5-4904-B4C3-8650170B8D10}"
EndProject
Project("{9A19103F-16F7-4668-BE54-9A1E7A4F7556}") = "Stock.API", "Stock.API\Stock.API.csproj", "{19A6E9B1-F57B-47E4-954B-88C837B15F0E}"
EndProject
Project("{9A19103F-16F7-4668-BE54-9A1E7A4F7556}") = "Shread", "Shread\Shread.csproj", "{D77650A4-30CF-4231-AC9E-0A0557083220}"
EndProject
Project("{9A19103F-16F7-4668-BE54-9A1E7A4F7556}") = "Docker.App", "Docker.App\Docker.App.csproj", "{77F3FEE6-7BC5-40E9-A36E-232A6AA0285F}"
EndProject
Project("{9A19103F-16F7-4668-BE54-9A1E7A4F7556}") = "Docker2.App", "Docker2.App\Docker2.App.csproj", "{4AFB0FE8-06DC-40B6-9F3F-2C6EF619326D}"
EndProject
Project("{E53339B2-1760-4266-BCC7-CA923CBCF16C}") = "docker-compose", "docker-compose.dcproj", "{BB838310-617C-464E-87C0-56BE6CDF5FEF}"
EndProject
Project("{9A19103F-16F7-4668-BE54-9A1E7A4F7556}") = "Docker3", "Docker3\Docker3.csproj", "{24027353-E740-49B5-952B-FA2D9457B842}"
EndProject
Project("{9A19103F-16F7-4668-BE54-9A1E7A4F7556}") = "Gateway.API", "Gateway\Gateway.API\Gateway.API.csproj", "{9BBCAB23-5BA4-4A8E-96F2-C7DD20750922}"
EndProject
Project("{9A19103F-16F7-4668-BE54-9A1E7A4F7556}") = "OpenTelemetryApp", "..\OpenTelemetryApp\OpenTelemetryApp.csproj", "{7F3AC06C-2F87-4EE4-828E-C92BA808C936}"
EndProject
Project("{FAE04EC0-301F-11D3-BF4B-00C04F79EFBC}") = "OpenTelemetryMicroservice.API", "..\OpenTelemetryMicroservice.API\OpenTelemetryMicroservice.API.csproj", "{9A4E5725-4427-4D68-A5B3-A62996364579}"
EndProject
Global
	GlobalSection(SolutionConfigurationPlatforms) = preSolution
		Debug|Any CPU = Debug|Any CPU
		Release|Any CPU = Release|Any CPU
	EndGlobalSection
	GlobalSection(ProjectConfigurationPlatforms) = postSolution
		{0607FFEE-D8DD-4F68-9EFC-17CE0EB0E2DA}.Debug|Any CPU.ActiveCfg = Debug|Any CPU
		{0607FFEE-D8DD-4F68-9EFC-17CE0EB0E2DA}.Debug|Any CPU.Build.0 = Debug|Any CPU
		{0607FFEE-D8DD-4F68-9EFC-17CE0EB0E2DA}.Release|Any CPU.ActiveCfg = Release|Any CPU
		{0607FFEE-D8DD-4F68-9EFC-17CE0EB0E2DA}.Release|Any CPU.Build.0 = Release|Any CPU
		{CA06C300-FD08-49E6-8719-2A894F456A7D}.Debug|Any CPU.ActiveCfg = Debug|Any CPU
		{CA06C300-FD08-49E6-8719-2A894F456A7D}.Debug|Any CPU.Build.0 = Debug|Any CPU
		{CA06C300-FD08-49E6-8719-2A894F456A7D}.Release|Any CPU.ActiveCfg = Release|Any CPU
		{CA06C300-FD08-49E6-8719-2A894F456A7D}.Release|Any CPU.Build.0 = Release|Any CPU
		{4770A7BB-82F2-4B41-9081-439248FE998D}.Debug|Any CPU.ActiveCfg = Debug|Any CPU
		{4770A7BB-82F2-4B41-9081-439248FE998D}.Debug|Any CPU.Build.0 = Debug|Any CPU
		{4770A7BB-82F2-4B41-9081-439248FE998D}.Release|Any CPU.ActiveCfg = Release|Any CPU
		{4770A7BB-82F2-4B41-9081-439248FE998D}.Release|Any CPU.Build.0 = Release|Any CPU
		{200E148D-55E5-4904-B4C3-8650170B8D10}.Debug|Any CPU.ActiveCfg = Debug|Any CPU
		{200E148D-55E5-4904-B4C3-8650170B8D10}.Debug|Any CPU.Build.0 = Debug|Any CPU
		{200E148D-55E5-4904-B4C3-8650170B8D10}.Release|Any CPU.ActiveCfg = Release|Any CPU
		{200E148D-55E5-4904-B4C3-8650170B8D10}.Release|Any CPU.Build.0 = Release|Any CPU
		{19A6E9B1-F57B-47E4-954B-88C837B15F0E}.Debug|Any CPU.ActiveCfg = Debug|Any CPU
		{19A6E9B1-F57B-47E4-954B-88C837B15F0E}.Debug|Any CPU.Build.0 = Debug|Any CPU
		{19A6E9B1-F57B-47E4-954B-88C837B15F0E}.Release|Any CPU.ActiveCfg = Release|Any CPU
		{19A6E9B1-F57B-47E4-954B-88C837B15F0E}.Release|Any CPU.Build.0 = Release|Any CPU
		{D77650A4-30CF-4231-AC9E-0A0557083220}.Debug|Any CPU.ActiveCfg = Debug|Any CPU
		{D77650A4-30CF-4231-AC9E-0A0557083220}.Debug|Any CPU.Build.0 = Debug|Any CPU
		{D77650A4-30CF-4231-AC9E-0A0557083220}.Release|Any CPU.ActiveCfg = Release|Any CPU
		{D77650A4-30CF-4231-AC9E-0A0557083220}.Release|Any CPU.Build.0 = Release|Any CPU
		{77F3FEE6-7BC5-40E9-A36E-232A6AA0285F}.Debug|Any CPU.ActiveCfg = Debug|Any CPU
		{77F3FEE6-7BC5-40E9-A36E-232A6AA0285F}.Debug|Any CPU.Build.0 = Debug|Any CPU
		{77F3FEE6-7BC5-40E9-A36E-232A6AA0285F}.Release|Any CPU.ActiveCfg = Release|Any CPU
		{77F3FEE6-7BC5-40E9-A36E-232A6AA0285F}.Release|Any CPU.Build.0 = Release|Any CPU
		{4AFB0FE8-06DC-40B6-9F3F-2C6EF619326D}.Debug|Any CPU.ActiveCfg = Debug|Any CPU
		{4AFB0FE8-06DC-40B6-9F3F-2C6EF619326D}.Debug|Any CPU.Build.0 = Debug|Any CPU
		{4AFB0FE8-06DC-40B6-9F3F-2C6EF619326D}.Release|Any CPU.ActiveCfg = Release|Any CPU
		{4AFB0FE8-06DC-40B6-9F3F-2C6EF619326D}.Release|Any CPU.Build.0 = Release|Any CPU
		{BB838310-617C-464E-87C0-56BE6CDF5FEF}.Debug|Any CPU.ActiveCfg = Debug|Any CPU
		{BB838310-617C-464E-87C0-56BE6CDF5FEF}.Debug|Any CPU.Build.0 = Debug|Any CPU
		{BB838310-617C-464E-87C0-56BE6CDF5FEF}.Release|Any CPU.ActiveCfg = Release|Any CPU
		{BB838310-617C-464E-87C0-56BE6CDF5FEF}.Release|Any CPU.Build.0 = Release|Any CPU
		{24027353-E740-49B5-952B-FA2D9457B842}.Debug|Any CPU.ActiveCfg = Debug|Any CPU
		{24027353-E740-49B5-952B-FA2D9457B842}.Debug|Any CPU.Build.0 = Debug|Any CPU
		{24027353-E740-49B5-952B-FA2D9457B842}.Release|Any CPU.ActiveCfg = Release|Any CPU
		{24027353-E740-49B5-952B-FA2D9457B842}.Release|Any CPU.Build.0 = Release|Any CPU
		{9BBCAB23-5BA4-4A8E-96F2-C7DD20750922}.Debug|Any CPU.ActiveCfg = Debug|Any CPU
		{9BBCAB23-5BA4-4A8E-96F2-C7DD20750922}.Debug|Any CPU.Build.0 = Debug|Any CPU
		{9BBCAB23-5BA4-4A8E-96F2-C7DD20750922}.Release|Any CPU.ActiveCfg = Release|Any CPU
		{9BBCAB23-5BA4-4A8E-96F2-C7DD20750922}.Release|Any CPU.Build.0 = Release|Any CPU
		{7F3AC06C-2F87-4EE4-828E-C92BA808C936}.Debug|Any CPU.ActiveCfg = Debug|Any CPU
		{7F3AC06C-2F87-4EE4-828E-C92BA808C936}.Debug|Any CPU.Build.0 = Debug|Any CPU
		{7F3AC06C-2F87-4EE4-828E-C92BA808C936}.Release|Any CPU.ActiveCfg = Release|Any CPU
		{7F3AC06C-2F87-4EE4-828E-C92BA808C936}.Release|Any CPU.Build.0 = Release|Any CPU
		{9A4E5725-4427-4D68-A5B3-A62996364579}.Debug|Any CPU.ActiveCfg = Debug|Any CPU
		{9A4E5725-4427-4D68-A5B3-A62996364579}.Debug|Any CPU.Build.0 = Debug|Any CPU
		{9A4E5725-4427-4D68-A5B3-A62996364579}.Release|Any CPU.ActiveCfg = Release|Any CPU
		{9A4E5725-4427-4D68-A5B3-A62996364579}.Release|Any CPU.Build.0 = Release|Any CPU
	EndGlobalSection
	GlobalSection(SolutionProperties) = preSolution
		HideSolutionNode = FALSE
	EndGlobalSection
	GlobalSection(ExtensibilityGlobals) = postSolution
		SolutionGuid = {B64D8A4C-BBBC-4722-9B83-5FD12A8B2C16}
	EndGlobalSection
EndGlobal
